
Microsoft Visual Studio Solution File, Format Version 12.00
# Visual Studio 2013
VisualStudioVersion = 12.0.31101.0
MinimumVisualStudioVersion = 10.0.40219.1
Project("{FAE04EC0-301F-11D3-BF4B-00C04F79EFBC}") = "MVCDemo", "MVCDemo\MVCDemo.csproj", "{468F834F-50C2-46F6-9566-EAC7416F5FDE}"
EndProject
Project("{FAE04EC0-301F-11D3-BF4B-00C04F79EFBC}") = "新语法", "新语法\新语法.csproj", "{7BFC2C4A-3731-4E1E-A9A5-1137D0741935}"
EndProject
Project("{FAE04EC0-301F-11D3-BF4B-00C04F79EFBC}") = "LinqDemo", "LinqDemo\LinqDemo.csproj", "{D0D56AF8-832A-496D-965E-5C517D6246C1}"
EndProject
Project("{FAE04EC0-301F-11D3-BF4B-00C04F79EFBC}") = "EFDemo", "EFDemo\EFDemo.csproj", "{E10CFC6C-D948-454E-BAD0-4CBCBE617220}"
EndProject
Project("{FAE04EC0-301F-11D3-BF4B-00C04F79EFBC}") = "NhibernateDemo", "NhibernateDemo\NhibernateDemo.csproj", "{DF2BDAD5-07FD-47B6-B4D8-A3709E7CB4B7}"
EndProject
Project("{FAE04EC0-301F-11D3-BF4B-00C04F79EFBC}") = "Nhibernate.Domain", "Nhibernate.Domain\Nhibernate.Domain.csproj", "{0A0B4286-2266-4D7A-BD19-CBAABB3DEA9D}"
EndProject
Project("{FAE04EC0-301F-11D3-BF4B-00C04F79EFBC}") = "Nhibernate.Data", "Nhibernate.Data\Nhibernate.Data.csproj", "{0D099577-4ABD-4950-89FF-7B13443FA57E}"
EndProject
Project("{FAE04EC0-301F-11D3-BF4B-00C04F79EFBC}") = "Nhibernate.Business", "Nhibernate.Business\Nhibernate.Business.csproj", "{A182A182-A840-4CD4-B0B5-AB4BBD7941C9}"
EndProject
Project("{2150E333-8FDC-42A3-9474-1A3956D46DE8}") = "Nhibernate", "Nhibernate", "{9D43C067-3671-42B7-965B-07B9267E7E41}"
EndProject
Project("{2150E333-8FDC-42A3-9474-1A3956D46DE8}") = "EF", "EF", "{EBC09A01-3F94-4A45-A911-271607E1BE32}"
EndProject
Project("{2150E333-8FDC-42A3-9474-1A3956D46DE8}") = "Linq", "Linq", "{7653D52B-E599-4D45-ABCA-AD68B34F4978}"
EndProject
Project("{2150E333-8FDC-42A3-9474-1A3956D46DE8}") = "MVC", "MVC", "{CA3F30B0-7ACC-4B57-BEB4-8DFBE22E6060}"
EndProject
Global
	GlobalSection(SolutionConfigurationPlatforms) = preSolution
		Debug|Any CPU = Debug|Any CPU
		Release|Any CPU = Release|Any CPU
	EndGlobalSection
	GlobalSection(ProjectConfigurationPlatforms) = postSolution
		{468F834F-50C2-46F6-9566-EAC7416F5FDE}.Debug|Any CPU.ActiveCfg = Debug|Any CPU
		{468F834F-50C2-46F6-9566-EAC7416F5FDE}.Debug|Any CPU.Build.0 = Debug|Any CPU
		{468F834F-50C2-46F6-9566-EAC7416F5FDE}.Release|Any CPU.ActiveCfg = Release|Any CPU
		{468F834F-50C2-46F6-9566-EAC7416F5FDE}.Release|Any CPU.Build.0 = Release|Any CPU
		{7BFC2C4A-3731-4E1E-A9A5-1137D0741935}.Debug|Any CPU.ActiveCfg = Debug|Any CPU
		{7BFC2C4A-3731-4E1E-A9A5-1137D0741935}.Debug|Any CPU.Build.0 = Debug|Any CPU
		{7BFC2C4A-3731-4E1E-A9A5-1137D0741935}.Release|Any CPU.ActiveCfg = Release|Any CPU
		{7BFC2C4A-3731-4E1E-A9A5-1137D0741935}.Release|Any CPU.Build.0 = Release|Any CPU
		{D0D56AF8-832A-496D-965E-5C517D6246C1}.Debug|Any CPU.ActiveCfg = Debug|Any CPU
		{D0D56AF8-832A-496D-965E-5C517D6246C1}.Debug|Any CPU.Build.0 = Debug|Any CPU
		{D0D56AF8-832A-496D-965E-5C517D6246C1}.Release|Any CPU.ActiveCfg = Release|Any CPU
		{D0D56AF8-832A-496D-965E-5C517D6246C1}.Release|Any CPU.Build.0 = Release|Any CPU
		{E10CFC6C-D948-454E-BAD0-4CBCBE617220}.Debug|Any CPU.ActiveCfg = Debug|Any CPU
		{E10CFC6C-D948-454E-BAD0-4CBCBE617220}.Debug|Any CPU.Build.0 = Debug|Any CPU
		{E10CFC6C-D948-454E-BAD0-4CBCBE617220}.Release|Any CPU.ActiveCfg = Release|Any CPU
		{E10CFC6C-D948-454E-BAD0-4CBCBE617220}.Release|Any CPU.Build.0 = Release|Any CPU
		{DF2BDAD5-07FD-47B6-B4D8-A3709E7CB4B7}.Debug|Any CPU.ActiveCfg = Debug|Any CPU
		{DF2BDAD5-07FD-47B6-B4D8-A3709E7CB4B7}.Debug|Any CPU.Build.0 = Debug|Any CPU
		{DF2BDAD5-07FD-47B6-B4D8-A3709E7CB4B7}.Release|Any CPU.ActiveCfg = Release|Any CPU
		{DF2BDAD5-07FD-47B6-B4D8-A3709E7CB4B7}.Release|Any CPU.Build.0 = Release|Any CPU
		{0A0B4286-2266-4D7A-BD19-CBAABB3DEA9D}.Debug|Any CPU.ActiveCfg = Debug|Any CPU
		{0A0B4286-2266-4D7A-BD19-CBAABB3DEA9D}.Debug|Any CPU.Build.0 = Debug|Any CPU
		{0A0B4286-2266-4D7A-BD19-CBAABB3DEA9D}.Release|Any CPU.ActiveCfg = Release|Any CPU
		{0A0B4286-2266-4D7A-BD19-CBAABB3DEA9D}.Release|Any CPU.Build.0 = Release|Any CPU
		{0D099577-4ABD-4950-89FF-7B13443FA57E}.Debug|Any CPU.ActiveCfg = Debug|Any CPU
		{0D099577-4ABD-4950-89FF-7B13443FA57E}.Debug|Any CPU.Build.0 = Debug|Any CPU
		{0D099577-4ABD-4950-89FF-7B13443FA57E}.Release|Any CPU.ActiveCfg = Release|Any CPU
		{0D099577-4ABD-4950-89FF-7B13443FA57E}.Release|Any CPU.Build.0 = Release|Any CPU
		{A182A182-A840-4CD4-B0B5-AB4BBD7941C9}.Debug|Any CPU.ActiveCfg = Debug|Any CPU
		{A182A182-A840-4CD4-B0B5-AB4BBD7941C9}.Debug|Any CPU.Build.0 = Debug|Any CPU
		{A182A182-A840-4CD4-B0B5-AB4BBD7941C9}.Release|Any CPU.ActiveCfg = Release|Any CPU
		{A182A182-A840-4CD4-B0B5-AB4BBD7941C9}.Release|Any CPU.Build.0 = Release|Any CPU
	EndGlobalSection
	GlobalSection(SolutionProperties) = preSolution
		HideSolutionNode = FALSE
	EndGlobalSection
	GlobalSection(NestedProjects) = preSolution
		{468F834F-50C2-46F6-9566-EAC7416F5FDE} = {CA3F30B0-7ACC-4B57-BEB4-8DFBE22E6060}
		{D0D56AF8-832A-496D-965E-5C517D6246C1} = {7653D52B-E599-4D45-ABCA-AD68B34F4978}
		{E10CFC6C-D948-454E-BAD0-4CBCBE617220} = {EBC09A01-3F94-4A45-A911-271607E1BE32}
		{DF2BDAD5-07FD-47B6-B4D8-A3709E7CB4B7} = {9D43C067-3671-42B7-965B-07B9267E7E41}
		{0A0B4286-2266-4D7A-BD19-CBAABB3DEA9D} = {9D43C067-3671-42B7-965B-07B9267E7E41}
		{0D099577-4ABD-4950-89FF-7B13443FA57E} = {9D43C067-3671-42B7-965B-07B9267E7E41}
		{A182A182-A840-4CD4-B0B5-AB4BBD7941C9} = {9D43C067-3671-42B7-965B-07B9267E7E41}
	EndGlobalSection
EndGlobal
